
Microsoft Visual Studio Solution File, Format Version 12.00
# Visual Studio Version 17
VisualStudioVersion = 17.14.36623.8 d17.14
MinimumVisualStudioVersion = 10.0.40219.1
Project("{FAE04EC0-301F-11D3-BF4B-00C04F79EFBC}") = "GearTalk.Web", "GearTalk.Web\GearTalk.Web.csproj", "{BFA6BA8E-7EF7-4EDB-A7B6-A5D9B319F4B3}"
EndProject
Global
	GlobalSection(SolutionConfigurationPlatforms) = preSolution
		Debug|Any CPU = Debug|Any CPU
		Release|Any CPU = Release|Any CPU
	EndGlobalSection
	GlobalSection(ProjectConfigurationPlatforms) = postSolution
		{BFA6BA8E-7EF7-4EDB-A7B6-A5D9B319F4B3}.Debug|Any CPU.ActiveCfg = Debug|Any CPU
		{BFA6BA8E-7EF7-4EDB-A7B6-A5D9B319F4B3}.Debug|Any CPU.Build.0 = Debug|Any CPU
		{BFA6BA8E-7EF7-4EDB-A7B6-A5D9B319F4B3}.Release|Any CPU.ActiveCfg = Release|Any CPU
		{BFA6BA8E-7EF7-4EDB-A7B6-A5D9B319F4B3}.Release|Any CPU.Build.0 = Release|Any CPU
	EndGlobalSection
	GlobalSection(SolutionProperties) = preSolution
		HideSolutionNode = FALSE
	EndGlobalSection
	GlobalSection(ExtensibilityGlobals) = postSolution
		SolutionGuid = {B5FC8C8D-AF35-4ED0-AC9D-03622BE10C72}
	EndGlobalSection
EndGlobal
